
Microsoft Visual Studio Solution File, Format Version 12.00
# Visual Studio Version 17
VisualStudioVersion = 17.3.32922.545
MinimumVisualStudioVersion = 10.0.40219.1
Project("{FAE04EC0-301F-11D3-BF4B-00C04F79EFBC}") = "Serdiuk.Booking.Api", "Serdiuk.Booking.Api\Serdiuk.Booking.Api.csproj", "{E23600F8-60F9-4B70-858E-9A2F7CE2E658}"
EndProject
Project("{FAE04EC0-301F-11D3-BF4B-00C04F79EFBC}") = "Serdiuk.Booking.Application", "Serdiuk.Booking.Application\Serdiuk.Booking.Application.csproj", "{4A2A8AAF-E372-4F52-8702-85426D820181}"
EndProject
Project("{FAE04EC0-301F-11D3-BF4B-00C04F79EFBC}") = "Serdiuk.Booking.Domain", "Serdiuk.Booking.Domain\Serdiuk.Booking.Domain.csproj", "{FB86D0D6-73B7-43F9-976A-6AEEF844FAF7}"
EndProject
Project("{FAE04EC0-301F-11D3-BF4B-00C04F79EFBC}") = "Serdiuk.Booking.Infrastructure", "Serdiuk.Booking.Infrastructure\Serdiuk.Booking.Infrastructure.csproj", "{6529472B-93E1-49B1-8749-B1B5FDC01E72}"
EndProject
Project("{FAE04EC0-301F-11D3-BF4B-00C04F79EFBC}") = "Serdiuk.Booking.IdentityServer", "Serdiuk.Booking.IdentityServer\Serdiuk.Booking.IdentityServer.csproj", "{DD448898-B6E6-4271-8A91-57A87B74F55B}"
EndProject
Global
	GlobalSection(SolutionConfigurationPlatforms) = preSolution
		Debug|Any CPU = Debug|Any CPU
		Release|Any CPU = Release|Any CPU
	EndGlobalSection
	GlobalSection(ProjectConfigurationPlatforms) = postSolution
		{E23600F8-60F9-4B70-858E-9A2F7CE2E658}.Debug|Any CPU.ActiveCfg = Debug|Any CPU
		{E23600F8-60F9-4B70-858E-9A2F7CE2E658}.Debug|Any CPU.Build.0 = Debug|Any CPU
		{E23600F8-60F9-4B70-858E-9A2F7CE2E658}.Release|Any CPU.ActiveCfg = Release|Any CPU
		{E23600F8-60F9-4B70-858E-9A2F7CE2E658}.Release|Any CPU.Build.0 = Release|Any CPU
		{4A2A8AAF-E372-4F52-8702-85426D820181}.Debug|Any CPU.ActiveCfg = Debug|Any CPU
		{4A2A8AAF-E372-4F52-8702-85426D820181}.Debug|Any CPU.Build.0 = Debug|Any CPU
		{4A2A8AAF-E372-4F52-8702-85426D820181}.Release|Any CPU.ActiveCfg = Release|Any CPU
		{4A2A8AAF-E372-4F52-8702-85426D820181}.Release|Any CPU.Build.0 = Release|Any CPU
		{FB86D0D6-73B7-43F9-976A-6AEEF844FAF7}.Debug|Any CPU.ActiveCfg = Debug|Any CPU
		{FB86D0D6-73B7-43F9-976A-6AEEF844FAF7}.Debug|Any CPU.Build.0 = Debug|Any CPU
		{FB86D0D6-73B7-43F9-976A-6AEEF844FAF7}.Release|Any CPU.ActiveCfg = Release|Any CPU
		{FB86D0D6-73B7-43F9-976A-6AEEF844FAF7}.Release|Any CPU.Build.0 = Release|Any CPU
		{6529472B-93E1-49B1-8749-B1B5FDC01E72}.Debug|Any CPU.ActiveCfg = Debug|Any CPU
		{6529472B-93E1-49B1-8749-B1B5FDC01E72}.Debug|Any CPU.Build.0 = Debug|Any CPU
		{6529472B-93E1-49B1-8749-B1B5FDC01E72}.Release|Any CPU.ActiveCfg = Release|Any CPU
		{6529472B-93E1-49B1-8749-B1B5FDC01E72}.Release|Any CPU.Build.0 = Release|Any CPU
		{DD448898-B6E6-4271-8A91-57A87B74F55B}.Debug|Any CPU.ActiveCfg = Debug|Any CPU
		{DD448898-B6E6-4271-8A91-57A87B74F55B}.Debug|Any CPU.Build.0 = Debug|Any CPU
		{DD448898-B6E6-4271-8A91-57A87B74F55B}.Release|Any CPU.ActiveCfg = Release|Any CPU
		{DD448898-B6E6-4271-8A91-57A87B74F55B}.Release|Any CPU.Build.0 = Release|Any CPU
	EndGlobalSection
	GlobalSection(SolutionProperties) = preSolution
		HideSolutionNode = FALSE
	EndGlobalSection
	GlobalSection(ExtensibilityGlobals) = postSolution
		SolutionGuid = {80600E17-FD9A-4124-B9E0-FAE44CB321F0}
	EndGlobalSection
EndGlobal
